// !$*UTF8*$!
{
	archiveVersion = 1;
	classes = {
	};
	objectVersion = 77;
	objects = {

/* Begin PBXBuildFile section */
		00E454CCA613A56169B8DCE5 /* libPods-QR BiometricoTests.a in Frameworks */ = {isa = PBXBuildFile; fileRef = 5C5C98B2DBC39B5CCE7ABDA9 /* libPods-QR BiometricoTests.a */; };
		CE5B120F71C1F0311C679A4C /* Pods_QR_Biometrico.framework in Frameworks */ = {isa = PBXBuildFile; fileRef = 9817E0857D5D953E26A6F5A7 /* Pods_QR_Biometrico.framework */; };
		F1E35621C1DE392EBAE05BBB /* libPods-QR BiometricoUITests.a in Frameworks */ = {isa = PBXBuildFile; fileRef = AAFA0264F0702211708AC9A4 /* libPods-QR BiometricoUITests.a */; };
/* End PBXBuildFile section */

/* Begin PBXContainerItemProxy section */
		B195A01C2D9A4A5E00EB19EB /* PBXContainerItemProxy */ = {
			isa = PBXContainerItemProxy;
			containerPortal = B1959FFD2D9A4A5C00EB19EB /* Project object */;
			proxyType = 1;
			remoteGlobalIDString = B195A0042D9A4A5C00EB19EB;
			remoteInfo = "QR Biometrico";
		};
		B195A0262D9A4A5E00EB19EB /* PBXContainerItemProxy */ = {
			isa = PBXContainerItemProxy;
			containerPortal = B1959FFD2D9A4A5C00EB19EB /* Project object */;
			proxyType = 1;
			remoteGlobalIDString = B195A0042D9A4A5C00EB19EB;
			remoteInfo = "QR Biometrico";
		};
/* End PBXContainerItemProxy section */

/* Begin PBXFileReference section */
		05706F774B3DFD46FCB1C461 /* Pods-QR Biometrico.release.xcconfig */ = {isa = PBXFileReference; includeInIndex = 1; lastKnownFileType = text.xcconfig; name = "Pods-QR Biometrico.release.xcconfig"; path = "Target Support Files/Pods-QR Biometrico/Pods-QR Biometrico.release.xcconfig"; sourceTree = "<group>"; };
		3198C117C9AF20ECFB585299 /* Pods-QR BiometricoUITests.debug.xcconfig */ = {isa = PBXFileReference; includeInIndex = 1; lastKnownFileType = text.xcconfig; name = "Pods-QR BiometricoUITests.debug.xcconfig"; path = "Target Support Files/Pods-QR BiometricoUITests/Pods-QR BiometricoUITests.debug.xcconfig"; sourceTree = "<group>"; };
		5C5C98B2DBC39B5CCE7ABDA9 /* libPods-QR BiometricoTests.a */ = {isa = PBXFileReference; explicitFileType = archive.ar; includeInIndex = 0; path = "libPods-QR BiometricoTests.a"; sourceTree = BUILT_PRODUCTS_DIR; };
		61D73C17A401F8D5EB6C591E /* Pods-QR Biometrico.debug.xcconfig */ = {isa = PBXFileReference; includeInIndex = 1; lastKnownFileType = text.xcconfig; name = "Pods-QR Biometrico.debug.xcconfig"; path = "Target Support Files/Pods-QR Biometrico/Pods-QR Biometrico.debug.xcconfig"; sourceTree = "<group>"; };
		9817E0857D5D953E26A6F5A7 /* Pods_QR_Biometrico.framework */ = {isa = PBXFileReference; explicitFileType = wrapper.framework; includeInIndex = 0; path = Pods_QR_Biometrico.framework; sourceTree = BUILT_PRODUCTS_DIR; };
		AAFA0264F0702211708AC9A4 /* libPods-QR BiometricoUITests.a */ = {isa = PBXFileReference; explicitFileType = archive.ar; includeInIndex = 0; path = "libPods-QR BiometricoUITests.a"; sourceTree = BUILT_PRODUCTS_DIR; };
		AEA012479F06329E6FDD7F88 /* Pods-QR BiometricoUITests.release.xcconfig */ = {isa = PBXFileReference; includeInIndex = 1; lastKnownFileType = text.xcconfig; name = "Pods-QR BiometricoUITests.release.xcconfig"; path = "Target Support Files/Pods-QR BiometricoUITests/Pods-QR BiometricoUITests.release.xcconfig"; sourceTree = "<group>"; };
		B195A0052D9A4A5C00EB19EB /* QR Biometrico.app */ = {isa = PBXFileReference; explicitFileType = wrapper.application; includeInIndex = 0; path = "QR Biometrico.app"; sourceTree = BUILT_PRODUCTS_DIR; };
		B195A01B2D9A4A5E00EB19EB /* QR BiometricoTests.xctest */ = {isa = PBXFileReference; explicitFileType = wrapper.cfbundle; includeInIndex = 0; path = "QR BiometricoTests.xctest"; sourceTree = BUILT_PRODUCTS_DIR; };
		B195A0252D9A4A5E00EB19EB /* QR BiometricoUITests.xctest */ = {isa = PBXFileReference; explicitFileType = wrapper.cfbundle; includeInIndex = 0; path = "QR BiometricoUITests.xctest"; sourceTree = BUILT_PRODUCTS_DIR; };
		C3EBEF3C3AA6D76C79576476 /* Pods-QR BiometricoTests.release.xcconfig */ = {isa = PBXFileReference; includeInIndex = 1; lastKnownFileType = text.xcconfig; name = "Pods-QR BiometricoTests.release.xcconfig"; path = "Target Support Files/Pods-QR BiometricoTests/Pods-QR BiometricoTests.release.xcconfig"; sourceTree = "<group>"; };
		DDF0806468210739BBFBB291 /* Pods-QR BiometricoTests.debug.xcconfig */ = {isa = PBXFileReference; includeInIndex = 1; lastKnownFileType = text.xcconfig; name = "Pods-QR BiometricoTests.debug.xcconfig"; path = "Target Support Files/Pods-QR BiometricoTests/Pods-QR BiometricoTests.debug.xcconfig"; sourceTree = "<group>"; };
/* End PBXFileReference section */

/* Begin PBXFileSystemSynchronizedRootGroup section */
		B195A0072D9A4A5C00EB19EB /* QR Biometrico */ = {
			isa = PBXFileSystemSynchronizedRootGroup;
			exceptions = (
			);
			path = "QR Biometrico";
			sourceTree = "<group>";
		};
		B195A01E2D9A4A5E00EB19EB /* QR BiometricoTests */ = {
			isa = PBXFileSystemSynchronizedRootGroup;
			exceptions = (
			);
			path = "QR BiometricoTests";
			sourceTree = "<group>";
		};
		B195A0282D9A4A5E00EB19EB /* QR BiometricoUITests */ = {
			isa = PBXFileSystemSynchronizedRootGroup;
			exceptions = (
			);
			path = "QR BiometricoUITests";
			sourceTree = "<group>";
		};
/* End PBXFileSystemSynchronizedRootGroup section */

/* Begin PBXFrameworksBuildPhase section */
		B195A0022D9A4A5C00EB19EB /* Frameworks */ = {
			isa = PBXFrameworksBuildPhase;
			buildActionMask = 2147483647;
			files = (
				CE5B120F71C1F0311C679A4C /* Pods_QR_Biometrico.framework in Frameworks */,
			);
			runOnlyForDeploymentPostprocessing = 0;
		};
		B195A0182D9A4A5E00EB19EB /* Frameworks */ = {
			isa = PBXFrameworksBuildPhase;
			buildActionMask = 2147483647;
			files = (
				00E454CCA613A56169B8DCE5 /* libPods-QR BiometricoTests.a in Frameworks */,
			);
			runOnlyForDeploymentPostprocessing = 0;
		};
		B195A0222D9A4A5E00EB19EB /* Frameworks */ = {
			isa = PBXFrameworksBuildPhase;
			buildActionMask = 2147483647;
			files = (
				F1E35621C1DE392EBAE05BBB /* libPods-QR BiometricoUITests.a in Frameworks */,
			);
			runOnlyForDeploymentPostprocessing = 0;
		};
/* End PBXFrameworksBuildPhase section */

/* Begin PBXGroup section */
		64B767485E851CEF57B8D9FD /* Pods */ = {
			isa = PBXGroup;
			children = (
				61D73C17A401F8D5EB6C591E /* Pods-QR Biometrico.debug.xcconfig */,
				05706F774B3DFD46FCB1C461 /* Pods-QR Biometrico.release.xcconfig */,
				DDF0806468210739BBFBB291 /* Pods-QR BiometricoTests.debug.xcconfig */,
				C3EBEF3C3AA6D76C79576476 /* Pods-QR BiometricoTests.release.xcconfig */,
				3198C117C9AF20ECFB585299 /* Pods-QR BiometricoUITests.debug.xcconfig */,
				AEA012479F06329E6FDD7F88 /* Pods-QR BiometricoUITests.release.xcconfig */,
			);
			path = Pods;
			sourceTree = "<group>";
		};
		B1959FFC2D9A4A5C00EB19EB = {
			isa = PBXGroup;
			children = (
				B195A0072D9A4A5C00EB19EB /* QR Biometrico */,
				B195A01E2D9A4A5E00EB19EB /* QR BiometricoTests */,
				B195A0282D9A4A5E00EB19EB /* QR BiometricoUITests */,
				B195A0062D9A4A5C00EB19EB /* Products */,
				64B767485E851CEF57B8D9FD /* Pods */,
				E0F7234E130BFE8A4EA1D89C /* Frameworks */,
			);
			sourceTree = "<group>";
		};
		B195A0062D9A4A5C00EB19EB /* Products */ = {
			isa = PBXGroup;
			children = (
				B195A0052D9A4A5C00EB19EB /* QR Biometrico.app */,
				B195A01B2D9A4A5E00EB19EB /* QR BiometricoTests.xctest */,
				B195A0252D9A4A5E00EB19EB /* QR BiometricoUITests.xctest */,
			);
			name = Products;
			sourceTree = "<group>";
		};
		E0F7234E130BFE8A4EA1D89C /* Frameworks */ = {
			isa = PBXGroup;
			children = (
				9817E0857D5D953E26A6F5A7 /* Pods_QR_Biometrico.framework */,
				5C5C98B2DBC39B5CCE7ABDA9 /* libPods-QR BiometricoTests.a */,
				AAFA0264F0702211708AC9A4 /* libPods-QR BiometricoUITests.a */,
			);
			name = Frameworks;
			sourceTree = "<group>";
		};
/* End PBXGroup section */

/* Begin PBXNativeTarget section */
		B195A0042D9A4A5C00EB19EB /* QR Biometrico */ = {
			isa = PBXNativeTarget;
			buildConfigurationList = B195A02F2D9A4A5E00EB19EB /* Build configuration list for PBXNativeTarget "QR Biometrico" */;
			buildPhases = (
				05E9696DBF2419F4B2D4AB65 /* [CP] Check Pods Manifest.lock */,
				B195A0012D9A4A5C00EB19EB /* Sources */,
				B195A0022D9A4A5C00EB19EB /* Frameworks */,
				B195A0032D9A4A5C00EB19EB /* Resources */,
				9C9D5E5DD2411855BB29E080 /* [CP] Embed Pods Frameworks */,
			);
			buildRules = (
			);
			dependencies = (
			);
			fileSystemSynchronizedGroups = (
				B195A0072D9A4A5C00EB19EB /* QR Biometrico */,
			);
			name = "QR Biometrico";
			productName = "QR Biometrico";
			productReference = B195A0052D9A4A5C00EB19EB /* QR Biometrico.app */;
			productType = "com.apple.product-type.application";
		};
		B195A01A2D9A4A5E00EB19EB /* QR BiometricoTests */ = {
			isa = PBXNativeTarget;
			buildConfigurationList = B195A0322D9A4A5E00EB19EB /* Build configuration list for PBXNativeTarget "QR BiometricoTests" */;
			buildPhases = (
				E8015C2106C580F17737CAA7 /* [CP] Check Pods Manifest.lock */,
				B195A0172D9A4A5E00EB19EB /* Sources */,
				B195A0182D9A4A5E00EB19EB /* Frameworks */,
				B195A0192D9A4A5E00EB19EB /* Resources */,
			);
			buildRules = (
			);
			dependencies = (
				B195A01D2D9A4A5E00EB19EB /* PBXTargetDependency */,
			);
			fileSystemSynchronizedGroups = (
				B195A01E2D9A4A5E00EB19EB /* QR BiometricoTests */,
			);
			name = "QR BiometricoTests";
			productName = "QR BiometricoTests";
			productReference = B195A01B2D9A4A5E00EB19EB /* QR BiometricoTests.xctest */;
			productType = "com.apple.product-type.bundle.unit-test";
		};
		B195A0242D9A4A5E00EB19EB /* QR BiometricoUITests */ = {
			isa = PBXNativeTarget;
			buildConfigurationList = B195A0352D9A4A5E00EB19EB /* Build configuration list for PBXNativeTarget "QR BiometricoUITests" */;
			buildPhases = (
				D49825E6D4B8F39654B30DD9 /* [CP] Check Pods Manifest.lock */,
				B195A0212D9A4A5E00EB19EB /* Sources */,
				B195A0222D9A4A5E00EB19EB /* Frameworks */,
				B195A0232D9A4A5E00EB19EB /* Resources */,
			);
			buildRules = (
			);
			dependencies = (
				B195A0272D9A4A5E00EB19EB /* PBXTargetDependency */,
			);
			fileSystemSynchronizedGroups = (
				B195A0282D9A4A5E00EB19EB /* QR BiometricoUITests */,
			);
			name = "QR BiometricoUITests";
			productName = "QR BiometricoUITests";
			productReference = B195A0252D9A4A5E00EB19EB /* QR BiometricoUITests.xctest */;
			productType = "com.apple.product-type.bundle.ui-testing";
		};
/* End PBXNativeTarget section */

/* Begin PBXProject section */
		B1959FFD2D9A4A5C00EB19EB /* Project object */ = {
			isa = PBXProject;
			attributes = {
				BuildIndependentTargetsInParallel = 1;
				LastSwiftUpdateCheck = 1620;
				LastUpgradeCheck = 1620;
				TargetAttributes = {
					B195A0042D9A4A5C00EB19EB = {
						CreatedOnToolsVersion = 16.2;
					};
					B195A01A2D9A4A5E00EB19EB = {
						CreatedOnToolsVersion = 16.2;
						TestTargetID = B195A0042D9A4A5C00EB19EB;
					};
					B195A0242D9A4A5E00EB19EB = {
						CreatedOnToolsVersion = 16.2;
						TestTargetID = B195A0042D9A4A5C00EB19EB;
					};
				};
			};
			buildConfigurationList = B195A0002D9A4A5C00EB19EB /* Build configuration list for PBXProject "QR Biometrico" */;
			developmentRegion = en;
			hasScannedForEncodings = 0;
			knownRegions = (
				en,
				Base,
			);
			mainGroup = B1959FFC2D9A4A5C00EB19EB;
			minimizedProjectReferenceProxies = 1;
			preferredProjectObjectVersion = 77;
			productRefGroup = B195A0062D9A4A5C00EB19EB /* Products */;
			projectDirPath = "";
			projectRoot = "";
			targets = (
				B195A0042D9A4A5C00EB19EB /* QR Biometrico */,
				B195A01A2D9A4A5E00EB19EB /* QR BiometricoTests */,
				B195A0242D9A4A5E00EB19EB /* QR BiometricoUITests */,
			);
		};
/* End PBXProject section */

/* Begin PBXResourcesBuildPhase section */
		B195A0032D9A4A5C00EB19EB /* Resources */ = {
			isa = PBXResourcesBuildPhase;
			buildActionMask = 2147483647;
			files = (
			);
			runOnlyForDeploymentPostprocessing = 0;
		};
		B195A0192D9A4A5E00EB19EB /* Resources */ = {
			isa = PBXResourcesBuildPhase;
			buildActionMask = 2147483647;
			files = (
			);
			runOnlyForDeploymentPostprocessing = 0;
		};
		B195A0232D9A4A5E00EB19EB /* Resources */ = {
			isa = PBXResourcesBuildPhase;
			buildActionMask = 2147483647;
			files = (
			);
			runOnlyForDeploymentPostprocessing = 0;
		};
/* End PBXResourcesBuildPhase section */

/* Begin PBXShellScriptBuildPhase section */
		05E9696DBF2419F4B2D4AB65 /* [CP] Check Pods Manifest.lock */ = {
			isa = PBXShellScriptBuildPhase;
			buildActionMask = 2147483647;
			files = (
			);
			inputFileListPaths = (
			);
			inputPaths = (
				"${PODS_PODFILE_DIR_PATH}/Podfile.lock",
				"${PODS_ROOT}/Manifest.lock",
			);
			name = "[CP] Check Pods Manifest.lock";
			outputFileListPaths = (
			);
			outputPaths = (
				"$(DERIVED_FILE_DIR)/Pods-QR Biometrico-checkManifestLockResult.txt",
			);
			runOnlyForDeploymentPostprocessing = 0;
			shellPath = /bin/sh;
			shellScript = "diff \"${PODS_PODFILE_DIR_PATH}/Podfile.lock\" \"${PODS_ROOT}/Manifest.lock\" > /dev/null\nif [ $? != 0 ] ; then\n    # print error to STDERR\n    echo \"error: The sandbox is not in sync with the Podfile.lock. Run 'pod install' or update your CocoaPods installation.\" >&2\n    exit 1\nfi\n# This output is used by Xcode 'outputs' to avoid re-running this script phase.\necho \"SUCCESS\" > \"${SCRIPT_OUTPUT_FILE_0}\"\n";
			showEnvVarsInLog = 0;
		};
		9C9D5E5DD2411855BB29E080 /* [CP] Embed Pods Frameworks */ = {
			isa = PBXShellScriptBuildPhase;
			buildActionMask = 2147483647;
			files = (
			);
			inputFileListPaths = (
				"${PODS_ROOT}/Target Support Files/Pods-QR Biometrico/Pods-QR Biometrico-frameworks-${CONFIGURATION}-input-files.xcfilelist",
			);
			name = "[CP] Embed Pods Frameworks";
			outputFileListPaths = (
				"${PODS_ROOT}/Target Support Files/Pods-QR Biometrico/Pods-QR Biometrico-frameworks-${CONFIGURATION}-output-files.xcfilelist",
			);
			runOnlyForDeploymentPostprocessing = 0;
			shellPath = /bin/sh;
			shellScript = "\"${PODS_ROOT}/Target Support Files/Pods-QR Biometrico/Pods-QR Biometrico-frameworks.sh\"\n";
			showEnvVarsInLog = 0;
		};
		D49825E6D4B8F39654B30DD9 /* [CP] Check Pods Manifest.lock */ = {
			isa = PBXShellScriptBuildPhase;
			buildActionMask = 2147483647;
			files = (
			);
			inputFileListPaths = (
			);
			inputPaths = (
				"${PODS_PODFILE_DIR_PATH}/Podfile.lock",
				"${PODS_ROOT}/Manifest.lock",
			);
			name = "[CP] Check Pods Manifest.lock";
			outputFileListPaths = (
			);
			outputPaths = (
				"$(DERIVED_FILE_DIR)/Pods-QR BiometricoUITests-checkManifestLockResult.txt",
			);
			runOnlyForDeploymentPostprocessing = 0;
			shellPath = /bin/sh;
			shellScript = "diff \"${PODS_PODFILE_DIR_PATH}/Podfile.lock\" \"${PODS_ROOT}/Manifest.lock\" > /dev/null\nif [ $? != 0 ] ; then\n    # print error to STDERR\n    echo \"error: The sandbox is not in sync with the Podfile.lock. Run 'pod install' or update your CocoaPods installation.\" >&2\n    exit 1\nfi\n# This output is used by Xcode 'outputs' to avoid re-running this script phase.\necho \"SUCCESS\" > \"${SCRIPT_OUTPUT_FILE_0}\"\n";
			showEnvVarsInLog = 0;
		};
		E8015C2106C580F17737CAA7 /* [CP] Check Pods Manifest.lock */ = {
			isa = PBXShellScriptBuildPhase;
			buildActionMask = 2147483647;
			files = (
			);
			inputFileListPaths = (
			);
			inputPaths = (
				"${PODS_PODFILE_DIR_PATH}/Podfile.lock",
				"${PODS_ROOT}/Manifest.lock",
			);
			name = "[CP] Check Pods Manifest.lock";
			outputFileListPaths = (
			);
			outputPaths = (
				"$(DERIVED_FILE_DIR)/Pods-QR BiometricoTests-checkManifestLockResult.txt",
			);
			runOnlyForDeploymentPostprocessing = 0;
			shellPath = /bin/sh;
			shellScript = "diff \"${PODS_PODFILE_DIR_PATH}/Podfile.lock\" \"${PODS_ROOT}/Manifest.lock\" > /dev/null\nif [ $? != 0 ] ; then\n    # print error to STDERR\n    echo \"error: The sandbox is not in sync with the Podfile.lock. Run 'pod install' or update your CocoaPods installation.\" >&2\n    exit 1\nfi\n# This output is used by Xcode 'outputs' to avoid re-running this script phase.\necho \"SUCCESS\" > \"${SCRIPT_OUTPUT_FILE_0}\"\n";
			showEnvVarsInLog = 0;
		};
/* End PBXShellScriptBuildPhase section */

/* Begin PBXSourcesBuildPhase section */
		B195A0012D9A4A5C00EB19EB /* Sources */ = {
			isa = PBXSourcesBuildPhase;
			buildActionMask = 2147483647;
			files = (
			);
			runOnlyForDeploymentPostprocessing = 0;
		};
		B195A0172D9A4A5E00EB19EB /* Sources */ = {
			isa = PBXSourcesBuildPhase;
			buildActionMask = 2147483647;
			files = (
			);
			runOnlyForDeploymentPostprocessing = 0;
		};
		B195A0212D9A4A5E00EB19EB /* Sources */ = {
			isa = PBXSourcesBuildPhase;
			buildActionMask = 2147483647;
			files = (
			);
			runOnlyForDeploymentPostprocessing = 0;
		};
/* End PBXSourcesBuildPhase section */

/* Begin PBXTargetDependency section */
		B195A01D2D9A4A5E00EB19EB /* PBXTargetDependency */ = {
			isa = PBXTargetDependency;
			target = B195A0042D9A4A5C00EB19EB /* QR Biometrico */;
			targetProxy = B195A01C2D9A4A5E00EB19EB /* PBXContainerItemProxy */;
		};
		B195A0272D9A4A5E00EB19EB /* PBXTargetDependency */ = {
			isa = PBXTargetDependency;
			target = B195A0042D9A4A5C00EB19EB /* QR Biometrico */;
			targetProxy = B195A0262D9A4A5E00EB19EB /* PBXContainerItemProxy */;
		};
/* End PBXTargetDependency section */

/* Begin XCBuildConfiguration section */
		B195A02D2D9A4A5E00EB19EB /* Debug */ = {
			isa = XCBuildConfiguration;
			buildSettings = {
				ALWAYS_SEARCH_USER_PATHS = NO;
				ASSETCATALOG_COMPILER_GENERATE_SWIFT_ASSET_SYMBOL_EXTENSIONS = YES;
				CLANG_ANALYZER_NONNULL = YES;
				CLANG_ANALYZER_NUMBER_OBJECT_CONVERSION = YES_AGGRESSIVE;
				CLANG_CXX_LANGUAGE_STANDARD = "gnu++20";
				CLANG_ENABLE_MODULES = YES;
				CLANG_ENABLE_OBJC_ARC = YES;
				CLANG_ENABLE_OBJC_WEAK = YES;
				CLANG_WARN_BLOCK_CAPTURE_AUTORELEASING = YES;
				CLANG_WARN_BOOL_CONVERSION = YES;
				CLANG_WARN_COMMA = YES;
				CLANG_WARN_CONSTANT_CONVERSION = YES;
				CLANG_WARN_DEPRECATED_OBJC_IMPLEMENTATIONS = YES;
				CLANG_WARN_DIRECT_OBJC_ISA_USAGE = YES_ERROR;
				CLANG_WARN_DOCUMENTATION_COMMENTS = YES;
				CLANG_WARN_EMPTY_BODY = YES;
				CLANG_WARN_ENUM_CONVERSION = YES;
				CLANG_WARN_INFINITE_RECURSION = YES;
				CLANG_WARN_INT_CONVERSION = YES;
				CLANG_WARN_NON_LITERAL_NULL_CONVERSION = YES;
				CLANG_WARN_OBJC_IMPLICIT_RETAIN_SELF = YES;
				CLANG_WARN_OBJC_LITERAL_CONVERSION = YES;
				CLANG_WARN_OBJC_ROOT_CLASS = YES_ERROR;
				CLANG_WARN_QUOTED_INCLUDE_IN_FRAMEWORK_HEADER = YES;
				CLANG_WARN_RANGE_LOOP_ANALYSIS = YES;
				CLANG_WARN_STRICT_PROTOTYPES = YES;
				CLANG_WARN_SUSPICIOUS_MOVE = YES;
				CLANG_WARN_UNGUARDED_AVAILABILITY = YES_AGGRESSIVE;
				CLANG_WARN_UNREACHABLE_CODE = YES;
				CLANG_WARN__DUPLICATE_METHOD_MATCH = YES;
				COPY_PHASE_STRIP = NO;
				DEBUG_INFORMATION_FORMAT = dwarf;
				ENABLE_STRICT_OBJC_MSGSEND = YES;
				ENABLE_TESTABILITY = YES;
				ENABLE_USER_SCRIPT_SANDBOXING = YES;
				GCC_C_LANGUAGE_STANDARD = gnu17;
				GCC_DYNAMIC_NO_PIC = NO;
				GCC_NO_COMMON_BLOCKS = YES;
				GCC_OPTIMIZATION_LEVEL = 0;
				GCC_PREPROCESSOR_DEFINITIONS = (
					"DEBUG=1",
					"$(inherited)",
				);
				GCC_WARN_64_TO_32_BIT_CONVERSION = YES;
				GCC_WARN_ABOUT_RETURN_TYPE = YES_ERROR;
				GCC_WARN_UNDECLARED_SELECTOR = YES;
				GCC_WARN_UNINITIALIZED_AUTOS = YES_AGGRESSIVE;
				GCC_WARN_UNUSED_FUNCTION = YES;
				GCC_WARN_UNUSED_VARIABLE = YES;
				LOCALIZATION_PREFERS_STRING_CATALOGS = YES;
				MTL_ENABLE_DEBUG_INFO = INCLUDE_SOURCE;
				MTL_FAST_MATH = YES;
				ONLY_ACTIVE_ARCH = YES;
				SWIFT_ACTIVE_COMPILATION_CONDITIONS = "DEBUG $(inherited)";
				SWIFT_OPTIMIZATION_LEVEL = "-Onone";
			};
			name = Debug;
		};
		B195A02E2D9A4A5E00EB19EB /* Release */ = {
			isa = XCBuildConfiguration;
			buildSettings = {
				ALWAYS_SEARCH_USER_PATHS = NO;
				ASSETCATALOG_COMPILER_GENERATE_SWIFT_ASSET_SYMBOL_EXTENSIONS = YES;
				CLANG_ANALYZER_NONNULL = YES;
				CLANG_ANALYZER_NUMBER_OBJECT_CONVERSION = YES_AGGRESSIVE;
				CLANG_CXX_LANGUAGE_STANDARD = "gnu++20";
				CLANG_ENABLE_MODULES = YES;
				CLANG_ENABLE_OBJC_ARC = YES;
				CLANG_ENABLE_OBJC_WEAK = YES;
				CLANG_WARN_BLOCK_CAPTURE_AUTORELEASING = YES;
				CLANG_WARN_BOOL_CONVERSION = YES;
				CLANG_WARN_COMMA = YES;
				CLANG_WARN_CONSTANT_CONVERSION = YES;
				CLANG_WARN_DEPRECATED_OBJC_IMPLEMENTATIONS = YES;
				CLANG_WARN_DIRECT_OBJC_ISA_USAGE = YES_ERROR;
				CLANG_WARN_DOCUMENTATION_COMMENTS = YES;
				CLANG_WARN_EMPTY_BODY = YES;
				CLANG_WARN_ENUM_CONVERSION = YES;
				CLANG_WARN_INFINITE_RECURSION = YES;
				CLANG_WARN_INT_CONVERSION = YES;
				CLANG_WARN_NON_LITERAL_NULL_CONVERSION = YES;
				CLANG_WARN_OBJC_IMPLICIT_RETAIN_SELF = YES;
				CLANG_WARN_OBJC_LITERAL_CONVERSION = YES;
				CLANG_WARN_OBJC_ROOT_CLASS = YES_ERROR;
				CLANG_WARN_QUOTED_INCLUDE_IN_FRAMEWORK_HEADER = YES;
				CLANG_WARN_RANGE_LOOP_ANALYSIS = YES;
				CLANG_WARN_STRICT_PROTOTYPES = YES;
				CLANG_WARN_SUSPICIOUS_MOVE = YES;
				CLANG_WARN_UNGUARDED_AVAILABILITY = YES_AGGRESSIVE;
				CLANG_WARN_UNREACHABLE_CODE = YES;
				CLANG_WARN__DUPLICATE_METHOD_MATCH = YES;
				COPY_PHASE_STRIP = NO;
				DEBUG_INFORMATION_FORMAT = "dwarf-with-dsym";
				ENABLE_NS_ASSERTIONS = NO;
				ENABLE_STRICT_OBJC_MSGSEND = YES;
				ENABLE_USER_SCRIPT_SANDBOXING = YES;
				GCC_C_LANGUAGE_STANDARD = gnu17;
				GCC_NO_COMMON_BLOCKS = YES;
				GCC_WARN_64_TO_32_BIT_CONVERSION = YES;
				GCC_WARN_ABOUT_RETURN_TYPE = YES_ERROR;
				GCC_WARN_UNDECLARED_SELECTOR = YES;
				GCC_WARN_UNINITIALIZED_AUTOS = YES_AGGRESSIVE;
				GCC_WARN_UNUSED_FUNCTION = YES;
				GCC_WARN_UNUSED_VARIABLE = YES;
				LOCALIZATION_PREFERS_STRING_CATALOGS = YES;
				MTL_ENABLE_DEBUG_INFO = NO;
				MTL_FAST_MATH = YES;
				SWIFT_COMPILATION_MODE = wholemodule;
			};
			name = Release;
		};
		B195A0302D9A4A5E00EB19EB /* Debug */ = {
			isa = XCBuildConfiguration;
			baseConfigurationReference = 61D73C17A401F8D5EB6C591E /* Pods-QR Biometrico.debug.xcconfig */;
			buildSettings = {
				ASSETCATALOG_COMPILER_APPICON_NAME = AppIcon;
				ASSETCATALOG_COMPILER_GLOBAL_ACCENT_COLOR_NAME = AccentColor;
				CODE_SIGN_ENTITLEMENTS = "QR Biometrico/QR_Biometrico.entitlements";
				CODE_SIGN_STYLE = Automatic;
				CURRENT_PROJECT_VERSION = 1;
				DEVELOPMENT_ASSET_PATHS = "\"QR Biometrico/Preview Content\"";
				DEVELOPMENT_TEAM = ZXXU88XUUV;
				ENABLE_HARDENED_RUNTIME = YES;
				ENABLE_PREVIEWS = YES;
				GENERATE_INFOPLIST_FILE = YES;
				INFOPLIST_FILE = "QR-Biometrico-Info.plist";
				INFOPLIST_KEY_LSApplicationCategoryType = "";
				"INFOPLIST_KEY_UIApplicationSceneManifest_Generation[sdk=iphoneos*]" = YES;
				"INFOPLIST_KEY_UIApplicationSceneManifest_Generation[sdk=iphonesimulator*]" = YES;
				"INFOPLIST_KEY_UIApplicationSupportsIndirectInputEvents[sdk=iphoneos*]" = YES;
				"INFOPLIST_KEY_UIApplicationSupportsIndirectInputEvents[sdk=iphonesimulator*]" = YES;
				"INFOPLIST_KEY_UILaunchScreen_Generation[sdk=iphoneos*]" = YES;
				"INFOPLIST_KEY_UILaunchScreen_Generation[sdk=iphonesimulator*]" = YES;
				"INFOPLIST_KEY_UIStatusBarStyle[sdk=iphoneos*]" = UIStatusBarStyleDefault;
				"INFOPLIST_KEY_UIStatusBarStyle[sdk=iphonesimulator*]" = UIStatusBarStyleDefault;
				INFOPLIST_KEY_UISupportedInterfaceOrientations_iPad = "UIInterfaceOrientationPortrait UIInterfaceOrientationPortraitUpsideDown UIInterfaceOrientationLandscapeLeft UIInterfaceOrientationLandscapeRight";
				INFOPLIST_KEY_UISupportedInterfaceOrientations_iPhone = "UIInterfaceOrientationPortrait UIInterfaceOrientationLandscapeLeft UIInterfaceOrientationLandscapeRight";
				IPHONEOS_DEPLOYMENT_TARGET = 18.2;
				LD_RUNPATH_SEARCH_PATHS = "@executable_path/Frameworks";
				"LD_RUNPATH_SEARCH_PATHS[sdk=macosx*]" = "@executable_path/../Frameworks";
				MACOSX_DEPLOYMENT_TARGET = 15.2;
				MARKETING_VERSION = 1.0;
				PRODUCT_BUNDLE_IDENTIFIER = "com.biometricapp.QR-Biometrico";
				PRODUCT_NAME = "$(TARGET_NAME)";
				SDKROOT = auto;
				SUPPORTED_PLATFORMS = "iphoneos iphonesimulator macosx xros xrsimulator";
				SWIFT_EMIT_LOC_STRINGS = YES;
				SWIFT_VERSION = 5.0;
				TARGETED_DEVICE_FAMILY = "1,2,7";
				XROS_DEPLOYMENT_TARGET = 2.2;
			};
			name = Debug;
		};
		B195A0312D9A4A5E00EB19EB /* Release */ = {
			isa = XCBuildConfiguration;
			baseConfigurationReference = 05706F774B3DFD46FCB1C461 /* Pods-QR Biometrico.release.xcconfig */;
			buildSettings = {
				ASSETCATALOG_COMPILER_APPICON_NAME = AppIcon;
				ASSETCATALOG_COMPILER_GLOBAL_ACCENT_COLOR_NAME = AccentColor;
				CODE_SIGN_ENTITLEMENTS = "QR Biometrico/QR_Biometrico.entitlements";
				CODE_SIGN_STYLE = Automatic;
				CURRENT_PROJECT_VERSION = 1;
				DEVELOPMENT_ASSET_PATHS = "\"QR Biometrico/Preview Content\"";
				DEVELOPMENT_TEAM = ZXXU88XUUV;
				ENABLE_HARDENED_RUNTIME = YES;
				ENABLE_PREVIEWS = YES;
				GENERATE_INFOPLIST_FILE = YES;
				INFOPLIST_FILE = "QR-Biometrico-Info.plist";
				INFOPLIST_KEY_LSApplicationCategoryType = "";
				"INFOPLIST_KEY_UIApplicationSceneManifest_Generation[sdk=iphoneos*]" = YES;
				"INFOPLIST_KEY_UIApplicationSceneManifest_Generation[sdk=iphonesimulator*]" = YES;
				"INFOPLIST_KEY_UIApplicationSupportsIndirectInputEvents[sdk=iphoneos*]" = YES;
				"INFOPLIST_KEY_UIApplicationSupportsIndirectInputEvents[sdk=iphonesimulator*]" = YES;
				"INFOPLIST_KEY_UILaunchScreen_Generation[sdk=iphoneos*]" = YES;
				"INFOPLIST_KEY_UILaunchScreen_Generation[sdk=iphonesimulator*]" = YES;
				"INFOPLIST_KEY_UIStatusBarStyle[sdk=iphoneos*]" = UIStatusBarStyleDefault;
				"INFOPLIST_KEY_UIStatusBarStyle[sdk=iphonesimulator*]" = UIStatusBarStyleDefault;
				INFOPLIST_KEY_UISupportedInterfaceOrientations_iPad = "UIInterfaceOrientationPortrait UIInterfaceOrientationPortraitUpsideDown UIInterfaceOrientationLandscapeLeft UIInterfaceOrientationLandscapeRight";
				INFOPLIST_KEY_UISupportedInterfaceOrientations_iPhone = "UIInterfaceOrientationPortrait UIInterfaceOrientationLandscapeLeft UIInterfaceOrientationLandscapeRight";
				IPHONEOS_DEPLOYMENT_TARGET = 18.2;
				LD_RUNPATH_SEARCH_PATHS = "@executable_path/Frameworks";
				"LD_RUNPATH_SEARCH_PATHS[sdk=macosx*]" = "@executable_path/../Frameworks";
				MACOSX_DEPLOYMENT_TARGET = 15.2;
				MARKETING_VERSION = 1.0;
				PRODUCT_BUNDLE_IDENTIFIER = "com.biometricapp.QR-Biometrico";
				PRODUCT_NAME = "$(TARGET_NAME)";
				SDKROOT = auto;
				SUPPORTED_PLATFORMS = "iphoneos iphonesimulator macosx xros xrsimulator";
				SWIFT_EMIT_LOC_STRINGS = YES;
				SWIFT_VERSION = 5.0;
				TARGETED_DEVICE_FAMILY = "1,2,7";
				XROS_DEPLOYMENT_TARGET = 2.2;
			};
			name = Release;
		};
		B195A0332D9A4A5E00EB19EB /* Debug */ = {
			isa = XCBuildConfiguration;
			baseConfigurationReference = DDF0806468210739BBFBB291 /* Pods-QR BiometricoTests.debug.xcconfig */;
			buildSettings = {
				BUNDLE_LOADER = "$(TEST_HOST)";
				CODE_SIGN_STYLE = Automatic;
				CURRENT_PROJECT_VERSION = 1;
				DEVELOPMENT_TEAM = ZXXU88XUUV;
				GENERATE_INFOPLIST_FILE = YES;
				IPHONEOS_DEPLOYMENT_TARGET = 18.2;
				MACOSX_DEPLOYMENT_TARGET = 15.2;
				MARKETING_VERSION = 1.0;
				PRODUCT_BUNDLE_IDENTIFIER = "com.biometricapp.QR-BiometricoTests";
				PRODUCT_NAME = "$(TARGET_NAME)";
				SDKROOT = auto;
				SUPPORTED_PLATFORMS = "iphoneos iphonesimulator macosx xros xrsimulator";
				SWIFT_EMIT_LOC_STRINGS = NO;
				SWIFT_VERSION = 5.0;
				TARGETED_DEVICE_FAMILY = "1,2,7";
				TEST_HOST = "$(BUILT_PRODUCTS_DIR)/QR Biometrico.app/$(BUNDLE_EXECUTABLE_FOLDER_PATH)/QR Biometrico";
				XROS_DEPLOYMENT_TARGET = 2.2;
			};
			name = Debug;
		};
		B195A0342D9A4A5E00EB19EB /* Release */ = {
			isa = XCBuildConfiguration;
			baseConfigurationReference = C3EBEF3C3AA6D76C79576476 /* Pods-QR BiometricoTests.release.xcconfig */;
			buildSettings = {
				BUNDLE_LOADER = "$(TEST_HOST)";
				CODE_SIGN_STYLE = Automatic;
				CURRENT_PROJECT_VERSION = 1;
				DEVELOPMENT_TEAM = ZXXU88XUUV;
				GENERATE_INFOPLIST_FILE = YES;
				IPHONEOS_DEPLOYMENT_TARGET = 18.2;
				MACOSX_DEPLOYMENT_TARGET = 15.2;
				MARKETING_VERSION = 1.0;
				PRODUCT_BUNDLE_IDENTIFIER = "com.biometricapp.QR-BiometricoTests";
				PRODUCT_NAME = "$(TARGET_NAME)";
				SDKROOT = auto;
				SUPPORTED_PLATFORMS = "iphoneos iphonesimulator macosx xros xrsimulator";
				SWIFT_EMIT_LOC_STRINGS = NO;
				SWIFT_VERSION = 5.0;
				TARGETED_DEVICE_FAMILY = "1,2,7";
				TEST_HOST = "$(BUILT_PRODUCTS_DIR)/QR Biometrico.app/$(BUNDLE_EXECUTABLE_FOLDER_PATH)/QR Biometrico";
				XROS_DEPLOYMENT_TARGET = 2.2;
			};
			name = Release;
		};
		B195A0362D9A4A5E00EB19EB /* Debug */ = {
			isa = XCBuildConfiguration;
			baseConfigurationReference = 3198C117C9AF20ECFB585299 /* Pods-QR BiometricoUITests.debug.xcconfig */;
			buildSettings = {
				CODE_SIGN_STYLE = Automatic;
				CURRENT_PROJECT_VERSION = 1;
				DEVELOPMENT_TEAM = ZXXU88XUUV;
				GENERATE_INFOPLIST_FILE = YES;
				IPHONEOS_DEPLOYMENT_TARGET = 18.2;
				MACOSX_DEPLOYMENT_TARGET = 15.2;
				MARKETING_VERSION = 1.0;
				PRODUCT_BUNDLE_IDENTIFIER = "com.biometricapp.QR-BiometricoUITests";
				PRODUCT_NAME = "$(TARGET_NAME)";
				SDKROOT = auto;
				SUPPORTED_PLATFORMS = "iphoneos iphonesimulator macosx xros xrsimulator";
				SWIFT_EMIT_LOC_STRINGS = NO;
				SWIFT_VERSION = 5.0;
				TARGETED_DEVICE_FAMILY = "1,2,7";
				TEST_TARGET_NAME = "QR Biometrico";
				XROS_DEPLOYMENT_TARGET = 2.2;
			};
			name = Debug;
		};
		B195A0372D9A4A5E00EB19EB /* Release */ = {
			isa = XCBuildConfiguration;
			baseConfigurationReference = AEA012479F06329E6FDD7F88 /* Pods-QR BiometricoUITests.release.xcconfig */;
			buildSettings = {
				CODE_SIGN_STYLE = Automatic;
				CURRENT_PROJECT_VERSION = 1;
				DEVELOPMENT_TEAM = ZXXU88XUUV;
				GENERATE_INFOPLIST_FILE = YES;
				IPHONEOS_DEPLOYMENT_TARGET = 18.2;
				MACOSX_DEPLOYMENT_TARGET = 15.2;
				MARKETING_VERSION = 1.0;
				PRODUCT_BUNDLE_IDENTIFIER = "com.biometricapp.QR-BiometricoUITests";
				PRODUCT_NAME = "$(TARGET_NAME)";
				SDKROOT = auto;
				SUPPORTED_PLATFORMS = "iphoneos iphonesimulator macosx xros xrsimulator";
				SWIFT_EMIT_LOC_STRINGS = NO;
				SWIFT_VERSION = 5.0;
				TARGETED_DEVICE_FAMILY = "1,2,7";
				TEST_TARGET_NAME = "QR Biometrico";
				XROS_DEPLOYMENT_TARGET = 2.2;
			};
			name = Release;
		};
/* End XCBuildConfiguration section */

/* Begin XCConfigurationList section */
		B195A0002D9A4A5C00EB19EB /* Build configuration list for PBXProject "QR Biometrico" */ = {
			isa = XCConfigurationList;
			buildConfigurations = (
				B195A02D2D9A4A5E00EB19EB /* Debug */,
				B195A02E2D9A4A5E00EB19EB /* Release */,
			);
			defaultConfigurationIsVisible = 0;
			defaultConfigurationName = Release;
		};
		B195A02F2D9A4A5E00EB19EB /* Build configuration list for PBXNativeTarget "QR Biometrico" */ = {
			isa = XCConfigurationList;
			buildConfigurations = (
				B195A0302D9A4A5E00EB19EB /* Debug */,
				B195A0312D9A4A5E00EB19EB /* Release */,
			);
			defaultConfigurationIsVisible = 0;
			defaultConfigurationName = Release;
		};
		B195A0322D9A4A5E00EB19EB /* Build configuration list for PBXNativeTarget "QR BiometricoTests" */ = {
			isa = XCConfigurationList;
			buildConfigurations = (
				B195A0332D9A4A5E00EB19EB /* Debug */,
				B195A0342D9A4A5E00EB19EB /* Release */,
			);
			defaultConfigurationIsVisible = 0;
			defaultConfigurationName = Release;
		};
		B195A0352D9A4A5E00EB19EB /* Build configuration list for PBXNativeTarget "QR BiometricoUITests" */ = {
			isa = XCConfigurationList;
			buildConfigurations = (
				B195A0362D9A4A5E00EB19EB /* Debug */,
				B195A0372D9A4A5E00EB19EB /* Release */,
			);
			defaultConfigurationIsVisible = 0;
			defaultConfigurationName = Release;
		};
/* End XCConfigurationList section */
	};
	rootObject = B1959FFD2D9A4A5C00EB19EB /* Project object */;
}
